
Microsoft Visual Studio Solution File, Format Version 12.00
# Visual Studio 14
VisualStudioVersion = 14.0.25420.1
MinimumVisualStudioVersion = 10.0.40219.1
Project("{FAE04EC0-301F-11D3-BF4B-00C04F79EFBC}") = "Zeus", "Zeus\Zeus.csproj", "{26023327-E03F-4A49-B5C0-F130AA72C3FB}"
EndProject
Project("{FAE04EC0-301F-11D3-BF4B-00C04F79EFBC}") = "Zeus.Config", "Zeus.Config\Zeus.Config.csproj", "{56D03DCD-2D5B-40B8-9515-590C8263975F}"
EndProject
Project("{FAE04EC0-301F-11D3-BF4B-00C04F79EFBC}") = "Zeus.Data", "Zeus.Data\Zeus.Data.csproj", "{00B7AA2B-DCB8-4AC8-8B0B-867843F7E5D0}"
EndProject
Project("{FAE04EC0-301F-11D3-BF4B-00C04F79EFBC}") = "Zeus.Input", "Zeus.Input\Zeus.Input.csproj", "{3EF6D245-1EF6-4B0C-8058-19A329C5D8C4}"
EndProject
Project("{FAE04EC0-301F-11D3-BF4B-00C04F79EFBC}") = "Zeus.InternalLogger", "Zeus.InternalLogger\Zeus.InternalLogger.csproj", "{1646F32E-C6F3-445B-AECA-5FE29BBE5F61}"
EndProject
Project("{FAE04EC0-301F-11D3-BF4B-00C04F79EFBC}") = "Zeus.Test", "Zeus.Test\Zeus.Test.csproj", "{BB4C8224-66CA-48E1-8075-E7DB8C4B224A}"
EndProject
Project("{FAE04EC0-301F-11D3-BF4B-00C04F79EFBC}") = "Zeus.Helpers", "Zeus.Helpers\Zeus.Helpers.csproj", "{C9938270-DB0A-446D-9C8F-4B95164CF916}"
EndProject
Project("{FAE04EC0-301F-11D3-BF4B-00C04F79EFBC}") = "Zeus.UI", "Zeus.UI\Zeus.UI.csproj", "{FCFFF681-0CBD-4FEC-9934-FC7D765DD52F}"
EndProject
Project("{FAE04EC0-301F-11D3-BF4B-00C04F79EFBC}") = "Zeus.UI.Test", "Zeus.UI.Test\Zeus.UI.Test.csproj", "{72E9CF41-BE0D-46D9-94C5-F3E7F5B5820D}"
EndProject
Project("{FAE04EC0-301F-11D3-BF4B-00C04F79EFBC}") = "Zeus.Log", "Zeus.Log\Zeus.Log.csproj", "{621AE297-B161-4285-B536-B08C4A52FDB1}"
EndProject
Project("{FAE04EC0-301F-11D3-BF4B-00C04F79EFBC}") = "Zeus.Plugin", "Zeus.Plugin\Zeus.Plugin.csproj", "{41CEFAA2-BC57-4F40-A056-9E12038AEE1D}"
EndProject
Project("{FAE04EC0-301F-11D3-BF4B-00C04F79EFBC}") = "Zeus.UnitTest", "Zeus.UnitTest\Zeus.UnitTest.csproj", "{E1602395-8613-41C1-BA4A-6292DD5148B7}"
EndProject
Project("{2150E333-8FDC-42A3-9474-1A3956D46DE8}") = "Solution Items", "Solution Items", "{6AD30686-578D-4473-9B81-B11D5409775A}"
	ProjectSection(SolutionItems) = preProject
		TODO.txt = TODO.txt
	EndProjectSection
EndProject
Project("{FAE04EC0-301F-11D3-BF4B-00C04F79EFBC}") = "Zeus.UI.Mvvm", "Zeus.UI.Mvvm\Zeus.UI.Mvvm.csproj", "{D459DA7B-4FF0-43A1-8434-FFBC41407EE6}"
EndProject
Project("{FAE04EC0-301F-11D3-BF4B-00C04F79EFBC}") = "Zeus.UI.Converters", "Zeus.UI.Converters\Zeus.UI.Converters.csproj", "{E923C3FA-5A55-4F72-B240-EEC1F3962636}"
EndProject
Project("{FAE04EC0-301F-11D3-BF4B-00C04F79EFBC}") = "Zeus.UI.ValidationRules", "Zeus.UI.ValidationRules\Zeus.UI.ValidationRules.csproj", "{B23DB966-9DF3-4C5E-B95F-69F79B80970B}"
EndProject
Project("{FAE04EC0-301F-11D3-BF4B-00C04F79EFBC}") = "Zeus.UI.Helpers", "Zeus.UI.Helpers\Zeus.UI.Helpers.csproj", "{D72F9428-97EE-4B24-8A19-970C1E02524E}"
EndProject
Project("{FAE04EC0-301F-11D3-BF4B-00C04F79EFBC}") = "Zeus.UI.Themes", "Zeus.UI.Themes\Zeus.UI.Themes.csproj", "{03419767-EFB9-4BEC-B028-0281D396E8B9}"
EndProject
Global
	GlobalSection(SolutionConfigurationPlatforms) = preSolution
		Debug|Any CPU = Debug|Any CPU
		Debug|x64 = Debug|x64
		Debug|x86 = Debug|x86
		Release|Any CPU = Release|Any CPU
		Release|x64 = Release|x64
		Release|x86 = Release|x86
	EndGlobalSection
	GlobalSection(ProjectConfigurationPlatforms) = postSolution
		{26023327-E03F-4A49-B5C0-F130AA72C3FB}.Debug|Any CPU.ActiveCfg = Debug|Any CPU
		{26023327-E03F-4A49-B5C0-F130AA72C3FB}.Debug|Any CPU.Build.0 = Debug|Any CPU
		{26023327-E03F-4A49-B5C0-F130AA72C3FB}.Debug|x64.ActiveCfg = Debug|Any CPU
		{26023327-E03F-4A49-B5C0-F130AA72C3FB}.Debug|x64.Build.0 = Debug|Any CPU
		{26023327-E03F-4A49-B5C0-F130AA72C3FB}.Debug|x86.ActiveCfg = Debug|Any CPU
		{26023327-E03F-4A49-B5C0-F130AA72C3FB}.Debug|x86.Build.0 = Debug|Any CPU
		{26023327-E03F-4A49-B5C0-F130AA72C3FB}.Release|Any CPU.ActiveCfg = Release|Any CPU
		{26023327-E03F-4A49-B5C0-F130AA72C3FB}.Release|Any CPU.Build.0 = Release|Any CPU
		{26023327-E03F-4A49-B5C0-F130AA72C3FB}.Release|x64.ActiveCfg = Release|Any CPU
		{26023327-E03F-4A49-B5C0-F130AA72C3FB}.Release|x64.Build.0 = Release|Any CPU
		{26023327-E03F-4A49-B5C0-F130AA72C3FB}.Release|x86.ActiveCfg = Release|Any CPU
		{26023327-E03F-4A49-B5C0-F130AA72C3FB}.Release|x86.Build.0 = Release|Any CPU
		{56D03DCD-2D5B-40B8-9515-590C8263975F}.Debug|Any CPU.ActiveCfg = Debug|Any CPU
		{56D03DCD-2D5B-40B8-9515-590C8263975F}.Debug|Any CPU.Build.0 = Debug|Any CPU
		{56D03DCD-2D5B-40B8-9515-590C8263975F}.Debug|x64.ActiveCfg = Debug|Any CPU
		{56D03DCD-2D5B-40B8-9515-590C8263975F}.Debug|x64.Build.0 = Debug|Any CPU
		{56D03DCD-2D5B-40B8-9515-590C8263975F}.Debug|x86.ActiveCfg = Debug|Any CPU
		{56D03DCD-2D5B-40B8-9515-590C8263975F}.Debug|x86.Build.0 = Debug|Any CPU
		{56D03DCD-2D5B-40B8-9515-590C8263975F}.Release|Any CPU.ActiveCfg = Release|Any CPU
		{56D03DCD-2D5B-40B8-9515-590C8263975F}.Release|Any CPU.Build.0 = Release|Any CPU
		{56D03DCD-2D5B-40B8-9515-590C8263975F}.Release|x64.ActiveCfg = Release|Any CPU
		{56D03DCD-2D5B-40B8-9515-590C8263975F}.Release|x64.Build.0 = Release|Any CPU
		{56D03DCD-2D5B-40B8-9515-590C8263975F}.Release|x86.ActiveCfg = Release|Any CPU
		{56D03DCD-2D5B-40B8-9515-590C8263975F}.Release|x86.Build.0 = Release|Any CPU
		{00B7AA2B-DCB8-4AC8-8B0B-867843F7E5D0}.Debug|Any CPU.ActiveCfg = Debug|Any CPU
		{00B7AA2B-DCB8-4AC8-8B0B-867843F7E5D0}.Debug|Any CPU.Build.0 = Debug|Any CPU
		{00B7AA2B-DCB8-4AC8-8B0B-867843F7E5D0}.Debug|x64.ActiveCfg = Debug|Any CPU
		{00B7AA2B-DCB8-4AC8-8B0B-867843F7E5D0}.Debug|x64.Build.0 = Debug|Any CPU
		{00B7AA2B-DCB8-4AC8-8B0B-867843F7E5D0}.Debug|x86.ActiveCfg = Debug|Any CPU
		{00B7AA2B-DCB8-4AC8-8B0B-867843F7E5D0}.Debug|x86.Build.0 = Debug|Any CPU
		{00B7AA2B-DCB8-4AC8-8B0B-867843F7E5D0}.Release|Any CPU.ActiveCfg = Release|Any CPU
		{00B7AA2B-DCB8-4AC8-8B0B-867843F7E5D0}.Release|Any CPU.Build.0 = Release|Any CPU
		{00B7AA2B-DCB8-4AC8-8B0B-867843F7E5D0}.Release|x64.ActiveCfg = Release|Any CPU
		{00B7AA2B-DCB8-4AC8-8B0B-867843F7E5D0}.Release|x64.Build.0 = Release|Any CPU
		{00B7AA2B-DCB8-4AC8-8B0B-867843F7E5D0}.Release|x86.ActiveCfg = Release|Any CPU
		{00B7AA2B-DCB8-4AC8-8B0B-867843F7E5D0}.Release|x86.Build.0 = Release|Any CPU
		{3EF6D245-1EF6-4B0C-8058-19A329C5D8C4}.Debug|Any CPU.ActiveCfg = Debug|Any CPU
		{3EF6D245-1EF6-4B0C-8058-19A329C5D8C4}.Debug|Any CPU.Build.0 = Debug|Any CPU
		{3EF6D245-1EF6-4B0C-8058-19A329C5D8C4}.Debug|x64.ActiveCfg = Debug|Any CPU
		{3EF6D245-1EF6-4B0C-8058-19A329C5D8C4}.Debug|x64.Build.0 = Debug|Any CPU
		{3EF6D245-1EF6-4B0C-8058-19A329C5D8C4}.Debug|x86.ActiveCfg = Debug|Any CPU
		{3EF6D245-1EF6-4B0C-8058-19A329C5D8C4}.Debug|x86.Build.0 = Debug|Any CPU
		{3EF6D245-1EF6-4B0C-8058-19A329C5D8C4}.Release|Any CPU.ActiveCfg = Release|Any CPU
		{3EF6D245-1EF6-4B0C-8058-19A329C5D8C4}.Release|Any CPU.Build.0 = Release|Any CPU
		{3EF6D245-1EF6-4B0C-8058-19A329C5D8C4}.Release|x64.ActiveCfg = Release|Any CPU
		{3EF6D245-1EF6-4B0C-8058-19A329C5D8C4}.Release|x64.Build.0 = Release|Any CPU
		{3EF6D245-1EF6-4B0C-8058-19A329C5D8C4}.Release|x86.ActiveCfg = Release|Any CPU
		{3EF6D245-1EF6-4B0C-8058-19A329C5D8C4}.Release|x86.Build.0 = Release|Any CPU
		{1646F32E-C6F3-445B-AECA-5FE29BBE5F61}.Debug|Any CPU.ActiveCfg = Debug|Any CPU
		{1646F32E-C6F3-445B-AECA-5FE29BBE5F61}.Debug|Any CPU.Build.0 = Debug|Any CPU
		{1646F32E-C6F3-445B-AECA-5FE29BBE5F61}.Debug|x64.ActiveCfg = Debug|Any CPU
		{1646F32E-C6F3-445B-AECA-5FE29BBE5F61}.Debug|x64.Build.0 = Debug|Any CPU
		{1646F32E-C6F3-445B-AECA-5FE29BBE5F61}.Debug|x86.ActiveCfg = Debug|Any CPU
		{1646F32E-C6F3-445B-AECA-5FE29BBE5F61}.Debug|x86.Build.0 = Debug|Any CPU
		{1646F32E-C6F3-445B-AECA-5FE29BBE5F61}.Release|Any CPU.ActiveCfg = Release|Any CPU
		{1646F32E-C6F3-445B-AECA-5FE29BBE5F61}.Release|Any CPU.Build.0 = Release|Any CPU
		{1646F32E-C6F3-445B-AECA-5FE29BBE5F61}.Release|x64.ActiveCfg = Release|Any CPU
		{1646F32E-C6F3-445B-AECA-5FE29BBE5F61}.Release|x64.Build.0 = Release|Any CPU
		{1646F32E-C6F3-445B-AECA-5FE29BBE5F61}.Release|x86.ActiveCfg = Release|Any CPU
		{1646F32E-C6F3-445B-AECA-5FE29BBE5F61}.Release|x86.Build.0 = Release|Any CPU
		{BB4C8224-66CA-48E1-8075-E7DB8C4B224A}.Debug|Any CPU.ActiveCfg = Debug|Any CPU
		{BB4C8224-66CA-48E1-8075-E7DB8C4B224A}.Debug|Any CPU.Build.0 = Debug|Any CPU
		{BB4C8224-66CA-48E1-8075-E7DB8C4B224A}.Debug|x64.ActiveCfg = Debug|Any CPU
		{BB4C8224-66CA-48E1-8075-E7DB8C4B224A}.Debug|x64.Build.0 = Debug|Any CPU
		{BB4C8224-66CA-48E1-8075-E7DB8C4B224A}.Debug|x86.ActiveCfg = Debug|Any CPU
		{BB4C8224-66CA-48E1-8075-E7DB8C4B224A}.Debug|x86.Build.0 = Debug|Any CPU
		{BB4C8224-66CA-48E1-8075-E7DB8C4B224A}.Release|Any CPU.ActiveCfg = Release|Any CPU
		{BB4C8224-66CA-48E1-8075-E7DB8C4B224A}.Release|Any CPU.Build.0 = Release|Any CPU
		{BB4C8224-66CA-48E1-8075-E7DB8C4B224A}.Release|x64.ActiveCfg = Release|Any CPU
		{BB4C8224-66CA-48E1-8075-E7DB8C4B224A}.Release|x64.Build.0 = Release|Any CPU
		{BB4C8224-66CA-48E1-8075-E7DB8C4B224A}.Release|x86.ActiveCfg = Release|Any CPU
		{BB4C8224-66CA-48E1-8075-E7DB8C4B224A}.Release|x86.Build.0 = Release|Any CPU
		{C9938270-DB0A-446D-9C8F-4B95164CF916}.Debug|Any CPU.ActiveCfg = Debug|Any CPU
		{C9938270-DB0A-446D-9C8F-4B95164CF916}.Debug|Any CPU.Build.0 = Debug|Any CPU
		{C9938270-DB0A-446D-9C8F-4B95164CF916}.Debug|x64.ActiveCfg = Debug|Any CPU
		{C9938270-DB0A-446D-9C8F-4B95164CF916}.Debug|x64.Build.0 = Debug|Any CPU
		{C9938270-DB0A-446D-9C8F-4B95164CF916}.Debug|x86.ActiveCfg = Debug|Any CPU
		{C9938270-DB0A-446D-9C8F-4B95164CF916}.Debug|x86.Build.0 = Debug|Any CPU
		{C9938270-DB0A-446D-9C8F-4B95164CF916}.Release|Any CPU.ActiveCfg = Release|Any CPU
		{C9938270-DB0A-446D-9C8F-4B95164CF916}.Release|Any CPU.Build.0 = Release|Any CPU
		{C9938270-DB0A-446D-9C8F-4B95164CF916}.Release|x64.ActiveCfg = Release|Any CPU
		{C9938270-DB0A-446D-9C8F-4B95164CF916}.Release|x64.Build.0 = Release|Any CPU
		{C9938270-DB0A-446D-9C8F-4B95164CF916}.Release|x86.ActiveCfg = Release|Any CPU
		{C9938270-DB0A-446D-9C8F-4B95164CF916}.Release|x86.Build.0 = Release|Any CPU
		{FCFFF681-0CBD-4FEC-9934-FC7D765DD52F}.Debug|Any CPU.ActiveCfg = Debug|Any CPU
		{FCFFF681-0CBD-4FEC-9934-FC7D765DD52F}.Debug|Any CPU.Build.0 = Debug|Any CPU
		{FCFFF681-0CBD-4FEC-9934-FC7D765DD52F}.Debug|x64.ActiveCfg = Debug|Any CPU
		{FCFFF681-0CBD-4FEC-9934-FC7D765DD52F}.Debug|x64.Build.0 = Debug|Any CPU
		{FCFFF681-0CBD-4FEC-9934-FC7D765DD52F}.Debug|x86.ActiveCfg = Debug|Any CPU
		{FCFFF681-0CBD-4FEC-9934-FC7D765DD52F}.Debug|x86.Build.0 = Debug|Any CPU
		{FCFFF681-0CBD-4FEC-9934-FC7D765DD52F}.Release|Any CPU.ActiveCfg = Release|Any CPU
		{FCFFF681-0CBD-4FEC-9934-FC7D765DD52F}.Release|Any CPU.Build.0 = Release|Any CPU
		{FCFFF681-0CBD-4FEC-9934-FC7D765DD52F}.Release|x64.ActiveCfg = Release|Any CPU
		{FCFFF681-0CBD-4FEC-9934-FC7D765DD52F}.Release|x64.Build.0 = Release|Any CPU
		{FCFFF681-0CBD-4FEC-9934-FC7D765DD52F}.Release|x86.ActiveCfg = Release|Any CPU
		{FCFFF681-0CBD-4FEC-9934-FC7D765DD52F}.Release|x86.Build.0 = Release|Any CPU
		{72E9CF41-BE0D-46D9-94C5-F3E7F5B5820D}.Debug|Any CPU.ActiveCfg = Debug|Any CPU
		{72E9CF41-BE0D-46D9-94C5-F3E7F5B5820D}.Debug|Any CPU.Build.0 = Debug|Any CPU
		{72E9CF41-BE0D-46D9-94C5-F3E7F5B5820D}.Debug|x64.ActiveCfg = Debug|Any CPU
		{72E9CF41-BE0D-46D9-94C5-F3E7F5B5820D}.Debug|x64.Build.0 = Debug|Any CPU
		{72E9CF41-BE0D-46D9-94C5-F3E7F5B5820D}.Debug|x86.ActiveCfg = Debug|Any CPU
		{72E9CF41-BE0D-46D9-94C5-F3E7F5B5820D}.Debug|x86.Build.0 = Debug|Any CPU
		{72E9CF41-BE0D-46D9-94C5-F3E7F5B5820D}.Release|Any CPU.ActiveCfg = Release|Any CPU
		{72E9CF41-BE0D-46D9-94C5-F3E7F5B5820D}.Release|Any CPU.Build.0 = Release|Any CPU
		{72E9CF41-BE0D-46D9-94C5-F3E7F5B5820D}.Release|x64.ActiveCfg = Release|Any CPU
		{72E9CF41-BE0D-46D9-94C5-F3E7F5B5820D}.Release|x64.Build.0 = Release|Any CPU
		{72E9CF41-BE0D-46D9-94C5-F3E7F5B5820D}.Release|x86.ActiveCfg = Release|Any CPU
		{72E9CF41-BE0D-46D9-94C5-F3E7F5B5820D}.Release|x86.Build.0 = Release|Any CPU
		{621AE297-B161-4285-B536-B08C4A52FDB1}.Debug|Any CPU.ActiveCfg = Debug|Any CPU
		{621AE297-B161-4285-B536-B08C4A52FDB1}.Debug|Any CPU.Build.0 = Debug|Any CPU
		{621AE297-B161-4285-B536-B08C4A52FDB1}.Debug|x64.ActiveCfg = Debug|Any CPU
		{621AE297-B161-4285-B536-B08C4A52FDB1}.Debug|x64.Build.0 = Debug|Any CPU
		{621AE297-B161-4285-B536-B08C4A52FDB1}.Debug|x86.ActiveCfg = Debug|Any CPU
		{621AE297-B161-4285-B536-B08C4A52FDB1}.Debug|x86.Build.0 = Debug|Any CPU
		{621AE297-B161-4285-B536-B08C4A52FDB1}.Release|Any CPU.ActiveCfg = Release|Any CPU
		{621AE297-B161-4285-B536-B08C4A52FDB1}.Release|Any CPU.Build.0 = Release|Any CPU
		{621AE297-B161-4285-B536-B08C4A52FDB1}.Release|x64.ActiveCfg = Release|Any CPU
		{621AE297-B161-4285-B536-B08C4A52FDB1}.Release|x64.Build.0 = Release|Any CPU
		{621AE297-B161-4285-B536-B08C4A52FDB1}.Release|x86.ActiveCfg = Release|Any CPU
		{621AE297-B161-4285-B536-B08C4A52FDB1}.Release|x86.Build.0 = Release|Any CPU
		{41CEFAA2-BC57-4F40-A056-9E12038AEE1D}.Debug|Any CPU.ActiveCfg = Debug|Any CPU
		{41CEFAA2-BC57-4F40-A056-9E12038AEE1D}.Debug|Any CPU.Build.0 = Debug|Any CPU
		{41CEFAA2-BC57-4F40-A056-9E12038AEE1D}.Debug|x64.ActiveCfg = Debug|Any CPU
		{41CEFAA2-BC57-4F40-A056-9E12038AEE1D}.Debug|x64.Build.0 = Debug|Any CPU
		{41CEFAA2-BC57-4F40-A056-9E12038AEE1D}.Debug|x86.ActiveCfg = Debug|Any CPU
		{41CEFAA2-BC57-4F40-A056-9E12038AEE1D}.Debug|x86.Build.0 = Debug|Any CPU
		{41CEFAA2-BC57-4F40-A056-9E12038AEE1D}.Release|Any CPU.ActiveCfg = Release|Any CPU
		{41CEFAA2-BC57-4F40-A056-9E12038AEE1D}.Release|Any CPU.Build.0 = Release|Any CPU
		{41CEFAA2-BC57-4F40-A056-9E12038AEE1D}.Release|x64.ActiveCfg = Release|Any CPU
		{41CEFAA2-BC57-4F40-A056-9E12038AEE1D}.Release|x64.Build.0 = Release|Any CPU
		{41CEFAA2-BC57-4F40-A056-9E12038AEE1D}.Release|x86.ActiveCfg = Release|Any CPU
		{41CEFAA2-BC57-4F40-A056-9E12038AEE1D}.Release|x86.Build.0 = Release|Any CPU
		{E1602395-8613-41C1-BA4A-6292DD5148B7}.Debug|Any CPU.ActiveCfg = Debug|Any CPU
		{E1602395-8613-41C1-BA4A-6292DD5148B7}.Debug|Any CPU.Build.0 = Debug|Any CPU
		{E1602395-8613-41C1-BA4A-6292DD5148B7}.Debug|x64.ActiveCfg = Debug|Any CPU
		{E1602395-8613-41C1-BA4A-6292DD5148B7}.Debug|x64.Build.0 = Debug|Any CPU
		{E1602395-8613-41C1-BA4A-6292DD5148B7}.Debug|x86.ActiveCfg = Debug|Any CPU
		{E1602395-8613-41C1-BA4A-6292DD5148B7}.Debug|x86.Build.0 = Debug|Any CPU
		{E1602395-8613-41C1-BA4A-6292DD5148B7}.Release|Any CPU.ActiveCfg = Release|Any CPU
		{E1602395-8613-41C1-BA4A-6292DD5148B7}.Release|Any CPU.Build.0 = Release|Any CPU
		{E1602395-8613-41C1-BA4A-6292DD5148B7}.Release|x64.ActiveCfg = Release|Any CPU
		{E1602395-8613-41C1-BA4A-6292DD5148B7}.Release|x64.Build.0 = Release|Any CPU
		{E1602395-8613-41C1-BA4A-6292DD5148B7}.Release|x86.ActiveCfg = Release|Any CPU
		{E1602395-8613-41C1-BA4A-6292DD5148B7}.Release|x86.Build.0 = Release|Any CPU
		{D459DA7B-4FF0-43A1-8434-FFBC41407EE6}.Debug|Any CPU.ActiveCfg = Debug|Any CPU
		{D459DA7B-4FF0-43A1-8434-FFBC41407EE6}.Debug|Any CPU.Build.0 = Debug|Any CPU
		{D459DA7B-4FF0-43A1-8434-FFBC41407EE6}.Debug|x64.ActiveCfg = Debug|Any CPU
		{D459DA7B-4FF0-43A1-8434-FFBC41407EE6}.Debug|x64.Build.0 = Debug|Any CPU
		{D459DA7B-4FF0-43A1-8434-FFBC41407EE6}.Debug|x86.ActiveCfg = Debug|Any CPU
		{D459DA7B-4FF0-43A1-8434-FFBC41407EE6}.Debug|x86.Build.0 = Debug|Any CPU
		{D459DA7B-4FF0-43A1-8434-FFBC41407EE6}.Release|Any CPU.ActiveCfg = Release|Any CPU
		{D459DA7B-4FF0-43A1-8434-FFBC41407EE6}.Release|Any CPU.Build.0 = Release|Any CPU
		{D459DA7B-4FF0-43A1-8434-FFBC41407EE6}.Release|x64.ActiveCfg = Release|Any CPU
		{D459DA7B-4FF0-43A1-8434-FFBC41407EE6}.Release|x64.Build.0 = Release|Any CPU
		{D459DA7B-4FF0-43A1-8434-FFBC41407EE6}.Release|x86.ActiveCfg = Release|Any CPU
		{D459DA7B-4FF0-43A1-8434-FFBC41407EE6}.Release|x86.Build.0 = Release|Any CPU
		{E923C3FA-5A55-4F72-B240-EEC1F3962636}.Debug|Any CPU.ActiveCfg = Debug|Any CPU
		{E923C3FA-5A55-4F72-B240-EEC1F3962636}.Debug|Any CPU.Build.0 = Debug|Any CPU
		{E923C3FA-5A55-4F72-B240-EEC1F3962636}.Debug|x64.ActiveCfg = Debug|Any CPU
		{E923C3FA-5A55-4F72-B240-EEC1F3962636}.Debug|x64.Build.0 = Debug|Any CPU
		{E923C3FA-5A55-4F72-B240-EEC1F3962636}.Debug|x86.ActiveCfg = Debug|Any CPU
		{E923C3FA-5A55-4F72-B240-EEC1F3962636}.Debug|x86.Build.0 = Debug|Any CPU
		{E923C3FA-5A55-4F72-B240-EEC1F3962636}.Release|Any CPU.ActiveCfg = Release|Any CPU
		{E923C3FA-5A55-4F72-B240-EEC1F3962636}.Release|Any CPU.Build.0 = Release|Any CPU
		{E923C3FA-5A55-4F72-B240-EEC1F3962636}.Release|x64.ActiveCfg = Release|Any CPU
		{E923C3FA-5A55-4F72-B240-EEC1F3962636}.Release|x64.Build.0 = Release|Any CPU
		{E923C3FA-5A55-4F72-B240-EEC1F3962636}.Release|x86.ActiveCfg = Release|Any CPU
		{E923C3FA-5A55-4F72-B240-EEC1F3962636}.Release|x86.Build.0 = Release|Any CPU
		{B23DB966-9DF3-4C5E-B95F-69F79B80970B}.Debug|Any CPU.ActiveCfg = Debug|Any CPU
		{B23DB966-9DF3-4C5E-B95F-69F79B80970B}.Debug|Any CPU.Build.0 = Debug|Any CPU
		{B23DB966-9DF3-4C5E-B95F-69F79B80970B}.Debug|x64.ActiveCfg = Debug|Any CPU
		{B23DB966-9DF3-4C5E-B95F-69F79B80970B}.Debug|x64.Build.0 = Debug|Any CPU
		{B23DB966-9DF3-4C5E-B95F-69F79B80970B}.Debug|x86.ActiveCfg = Debug|Any CPU
		{B23DB966-9DF3-4C5E-B95F-69F79B80970B}.Debug|x86.Build.0 = Debug|Any CPU
		{B23DB966-9DF3-4C5E-B95F-69F79B80970B}.Release|Any CPU.ActiveCfg = Release|Any CPU
		{B23DB966-9DF3-4C5E-B95F-69F79B80970B}.Release|Any CPU.Build.0 = Release|Any CPU
		{B23DB966-9DF3-4C5E-B95F-69F79B80970B}.Release|x64.ActiveCfg = Release|Any CPU
		{B23DB966-9DF3-4C5E-B95F-69F79B80970B}.Release|x64.Build.0 = Release|Any CPU
		{B23DB966-9DF3-4C5E-B95F-69F79B80970B}.Release|x86.ActiveCfg = Release|Any CPU
		{B23DB966-9DF3-4C5E-B95F-69F79B80970B}.Release|x86.Build.0 = Release|Any CPU
		{D72F9428-97EE-4B24-8A19-970C1E02524E}.Debug|Any CPU.ActiveCfg = Debug|Any CPU
		{D72F9428-97EE-4B24-8A19-970C1E02524E}.Debug|Any CPU.Build.0 = Debug|Any CPU
		{D72F9428-97EE-4B24-8A19-970C1E02524E}.Debug|x64.ActiveCfg = Debug|Any CPU
		{D72F9428-97EE-4B24-8A19-970C1E02524E}.Debug|x64.Build.0 = Debug|Any CPU
		{D72F9428-97EE-4B24-8A19-970C1E02524E}.Debug|x86.ActiveCfg = Debug|Any CPU
		{D72F9428-97EE-4B24-8A19-970C1E02524E}.Debug|x86.Build.0 = Debug|Any CPU
		{D72F9428-97EE-4B24-8A19-970C1E02524E}.Release|Any CPU.ActiveCfg = Release|Any CPU
		{D72F9428-97EE-4B24-8A19-970C1E02524E}.Release|Any CPU.Build.0 = Release|Any CPU
		{D72F9428-97EE-4B24-8A19-970C1E02524E}.Release|x64.ActiveCfg = Release|Any CPU
		{D72F9428-97EE-4B24-8A19-970C1E02524E}.Release|x64.Build.0 = Release|Any CPU
		{D72F9428-97EE-4B24-8A19-970C1E02524E}.Release|x86.ActiveCfg = Release|Any CPU
		{D72F9428-97EE-4B24-8A19-970C1E02524E}.Release|x86.Build.0 = Release|Any CPU
		{03419767-EFB9-4BEC-B028-0281D396E8B9}.Debug|Any CPU.ActiveCfg = Debug|Any CPU
		{03419767-EFB9-4BEC-B028-0281D396E8B9}.Debug|Any CPU.Build.0 = Debug|Any CPU
		{03419767-EFB9-4BEC-B028-0281D396E8B9}.Debug|x64.ActiveCfg = Debug|Any CPU
		{03419767-EFB9-4BEC-B028-0281D396E8B9}.Debug|x64.Build.0 = Debug|Any CPU
		{03419767-EFB9-4BEC-B028-0281D396E8B9}.Debug|x86.ActiveCfg = Debug|Any CPU
		{03419767-EFB9-4BEC-B028-0281D396E8B9}.Debug|x86.Build.0 = Debug|Any CPU
		{03419767-EFB9-4BEC-B028-0281D396E8B9}.Release|Any CPU.ActiveCfg = Release|Any CPU
		{03419767-EFB9-4BEC-B028-0281D396E8B9}.Release|Any CPU.Build.0 = Release|Any CPU
		{03419767-EFB9-4BEC-B028-0281D396E8B9}.Release|x64.ActiveCfg = Release|Any CPU
		{03419767-EFB9-4BEC-B028-0281D396E8B9}.Release|x64.Build.0 = Release|Any CPU
		{03419767-EFB9-4BEC-B028-0281D396E8B9}.Release|x86.ActiveCfg = Release|Any CPU
		{03419767-EFB9-4BEC-B028-0281D396E8B9}.Release|x86.Build.0 = Release|Any CPU
	EndGlobalSection
	GlobalSection(SolutionProperties) = preSolution
		HideSolutionNode = FALSE
	EndGlobalSection
EndGlobal
